
Microsoft Visual Studio Solution File, Format Version 12.00
# Visual Studio Version 17
VisualStudioVersion = 17.0.31710.8
MinimumVisualStudioVersion = 10.0.40219.1
Project("{FAE04EC0-301F-11D3-BF4B-00C04F79EFBC}") = "WpfUserControlLikeDialogBoxPractice", "WpfUserControlLikeDialogBoxPractice\WpfUserControlLikeDialogBoxPractice.csproj", "{1BEB67B8-2EAA-4671-AB07-5A87A800C43A}"
EndProject
Global
	GlobalSection(SolutionConfigurationPlatforms) = preSolution
		Debug|Any CPU = Debug|Any CPU
		Release|Any CPU = Release|Any CPU
	EndGlobalSection
	GlobalSection(ProjectConfigurationPlatforms) = postSolution
		{1BEB67B8-2EAA-4671-AB07-5A87A800C43A}.Debug|Any CPU.ActiveCfg = Debug|Any CPU
		{1BEB67B8-2EAA-4671-AB07-5A87A800C43A}.Debug|Any CPU.Build.0 = Debug|Any CPU
		{1BEB67B8-2EAA-4671-AB07-5A87A800C43A}.Release|Any CPU.ActiveCfg = Release|Any CPU
		{1BEB67B8-2EAA-4671-AB07-5A87A800C43A}.Release|Any CPU.Build.0 = Release|Any CPU
	EndGlobalSection
	GlobalSection(SolutionProperties) = preSolution
		HideSolutionNode = FALSE
	EndGlobalSection
	GlobalSection(ExtensibilityGlobals) = postSolution
		SolutionGuid = {014949A9-EBCD-4EC3-B649-C809C7F72DE0}
	EndGlobalSection
EndGlobal
